
Microsoft Visual Studio Solution File, Format Version 12.00
# Visual Studio Version 16
VisualStudioVersion = 16.0.29613.14
MinimumVisualStudioVersion = 10.0.40219.1
Project("{FAE04EC0-301F-11D3-BF4B-00C04F79EFBC}") = "sample", "sample.csproj", "{9C9514E8-F2AA-4780-AA57-73ECA740FD69}"
EndProject
Global
	GlobalSection(SolutionConfigurationPlatforms) = preSolution
		Debug|Any CPU = Debug|Any CPU
		Release|Any CPU = Release|Any CPU
	EndGlobalSection
	GlobalSection(ProjectConfigurationPlatforms) = postSolution
		{9C9514E8-F2AA-4780-AA57-73ECA740FD69}.Debug|Any CPU.ActiveCfg = Debug|Any CPU
		{9C9514E8-F2AA-4780-AA57-73ECA740FD69}.Debug|Any CPU.Build.0 = Debug|Any CPU
		{9C9514E8-F2AA-4780-AA57-73ECA740FD69}.Release|Any CPU.ActiveCfg = Release|Any CPU
		{9C9514E8-F2AA-4780-AA57-73ECA740FD69}.Release|Any CPU.Build.0 = Release|Any CPU
	EndGlobalSection
	GlobalSection(SolutionProperties) = preSolution
		HideSolutionNode = FALSE
	EndGlobalSection
	GlobalSection(ExtensibilityGlobals) = postSolution
		SolutionGuid = {1AB1F8E7-6A3B-40DC-8D1F-05E10D4D589F}
	EndGlobalSection
EndGlobal
